// !$*UTF8*$!
{
	archiveVersion = 1;
	classes = {
	};
	objectVersion = 77;
	objects = {

/* Begin PBXBuildFile section */
		BFB6D1B92EF1BDB800314791 /* MediscanSDK in Frameworks */ = {isa = PBXBuildFile; productRef = BFB6D1B82EF1BDB800314791 /* MediscanSDK */; };
/* End PBXBuildFile section */

/* Begin PBXContainerItemProxy section */
		4DFB31CE2E324D3E000ECB6F /* PBXContainerItemProxy */ = {
			isa = PBXContainerItemProxy;
			containerPortal = 4DFB31AF2E324D3C000ECB6F /* Project object */;
			proxyType = 1;
			remoteGlobalIDString = 4DFB31B62E324D3C000ECB6F;
			remoteInfo = MediscanSDKExample;
		};
		4DFB31D82E324D3E000ECB6F /* PBXContainerItemProxy */ = {
			isa = PBXContainerItemProxy;
			containerPortal = 4DFB31AF2E324D3C000ECB6F /* Project object */;
			proxyType = 1;
			remoteGlobalIDString = 4DFB31B62E324D3C000ECB6F;
			remoteInfo = MediscanSDKExample;
		};
/* End PBXContainerItemProxy section */

/* Begin PBXFileReference section */
		4DFB31B72E324D3C000ECB6F /* MediscanSDKExample.app */ = {isa = PBXFileReference; explicitFileType = wrapper.application; includeInIndex = 0; path = MediscanSDKExample.app; sourceTree = BUILT_PRODUCTS_DIR; };
		4DFB31CD2E324D3E000ECB6F /* MediscanSDKExampleTests.xctest */ = {isa = PBXFileReference; explicitFileType = wrapper.cfbundle; includeInIndex = 0; path = MediscanSDKExampleTests.xctest; sourceTree = BUILT_PRODUCTS_DIR; };
		4DFB31D72E324D3E000ECB6F /* MediscanSDKExampleUITests.xctest */ = {isa = PBXFileReference; explicitFileType = wrapper.cfbundle; includeInIndex = 0; path = MediscanSDKExampleUITests.xctest; sourceTree = BUILT_PRODUCTS_DIR; };
/* End PBXFileReference section */

/* Begin PBXFileSystemSynchronizedBuildFileExceptionSet section */
		4DFB31DF2E324D3E000ECB6F /* Exceptions for "MediscanSDKExample" folder in "MediscanSDKExample" target */ = {
			isa = PBXFileSystemSynchronizedBuildFileExceptionSet;
			membershipExceptions = (
				Info.plist,
			);
			target = 4DFB31B62E324D3C000ECB6F /* MediscanSDKExample */;
		};
/* End PBXFileSystemSynchronizedBuildFileExceptionSet section */

/* Begin PBXFileSystemSynchronizedRootGroup section */
		4DFB31B92E324D3C000ECB6F /* MediscanSDKExample */ = {
			isa = PBXFileSystemSynchronizedRootGroup;
			exceptions = (
				4DFB31DF2E324D3E000ECB6F /* Exceptions for "MediscanSDKExample" folder in "MediscanSDKExample" target */,
			);
			path = MediscanSDKExample;
			sourceTree = "<group>";
		};
		4DFB31D02E324D3E000ECB6F /* MediscanSDKExampleTests */ = {
			isa = PBXFileSystemSynchronizedRootGroup;
			path = MediscanSDKExampleTests;
			sourceTree = "<group>";
		};
		4DFB31DA2E324D3E000ECB6F /* MediscanSDKExampleUITests */ = {
			isa = PBXFileSystemSynchronizedRootGroup;
			path = MediscanSDKExampleUITests;
			sourceTree = "<group>";
		};
/* End PBXFileSystemSynchronizedRootGroup section */

/* Begin PBXFrameworksBuildPhase section */
		4DFB31B42E324D3C000ECB6F /* Frameworks */ = {
			isa = PBXFrameworksBuildPhase;
			buildActionMask = 2147483647;
			files = (
				BFB6D1B92EF1BDB800314791 /* MediscanSDK in Frameworks */,
			);
			runOnlyForDeploymentPostprocessing = 0;
		};
		4DFB31CA2E324D3E000ECB6F /* Frameworks */ = {
			isa = PBXFrameworksBuildPhase;
			buildActionMask = 2147483647;
			files = (
			);
			runOnlyForDeploymentPostprocessing = 0;
		};
		4DFB31D42E324D3E000ECB6F /* Frameworks */ = {
			isa = PBXFrameworksBuildPhase;
			buildActionMask = 2147483647;
			files = (
			);
			runOnlyForDeploymentPostprocessing = 0;
		};
/* End PBXFrameworksBuildPhase section */

/* Begin PBXGroup section */
		4DFB31AE2E324D3C000ECB6F = {
			isa = PBXGroup;
			children = (
				4DFB31B92E324D3C000ECB6F /* MediscanSDKExample */,
				4DFB31D02E324D3E000ECB6F /* MediscanSDKExampleTests */,
				4DFB31DA2E324D3E000ECB6F /* MediscanSDKExampleUITests */,
				4DFB32302E325447000ECB6F /* Frameworks */,
				4DFB31B82E324D3C000ECB6F /* Products */,
			);
			sourceTree = "<group>";
		};
		4DFB31B82E324D3C000ECB6F /* Products */ = {
			isa = PBXGroup;
			children = (
				4DFB31B72E324D3C000ECB6F /* MediscanSDKExample.app */,
				4DFB31CD2E324D3E000ECB6F /* MediscanSDKExampleTests.xctest */,
				4DFB31D72E324D3E000ECB6F /* MediscanSDKExampleUITests.xctest */,
			);
			name = Products;
			sourceTree = "<group>";
		};
		4DFB32302E325447000ECB6F /* Frameworks */ = {
			isa = PBXGroup;
			children = (
			);
			name = Frameworks;
			sourceTree = "<group>";
		};
/* End PBXGroup section */

/* Begin PBXNativeTarget section */
		4DFB31B62E324D3C000ECB6F /* MediscanSDKExample */ = {
			isa = PBXNativeTarget;
			buildConfigurationList = 4DFB31E02E324D3E000ECB6F /* Build configuration list for PBXNativeTarget "MediscanSDKExample" */;
			buildPhases = (
				4DFB31B32E324D3C000ECB6F /* Sources */,
				4DFB31B42E324D3C000ECB6F /* Frameworks */,
				4DFB31B52E324D3C000ECB6F /* Resources */,
			);
			buildRules = (
			);
			dependencies = (
			);
			fileSystemSynchronizedGroups = (
				4DFB31B92E324D3C000ECB6F /* MediscanSDKExample */,
			);
			name = MediscanSDKExample;
			packageProductDependencies = (
				BFB6D1B82EF1BDB800314791 /* MediscanSDK */,
			);
			productName = MediscanSDKExample;
			productReference = 4DFB31B72E324D3C000ECB6F /* MediscanSDKExample.app */;
			productType = "com.apple.product-type.application";
		};
		4DFB31CC2E324D3E000ECB6F /* MediscanSDKExampleTests */ = {
			isa = PBXNativeTarget;
			buildConfigurationList = 4DFB31E52E324D3E000ECB6F /* Build configuration list for PBXNativeTarget "MediscanSDKExampleTests" */;
			buildPhases = (
				4DFB31C92E324D3E000ECB6F /* Sources */,
				4DFB31CA2E324D3E000ECB6F /* Frameworks */,
				4DFB31CB2E324D3E000ECB6F /* Resources */,
			);
			buildRules = (
			);
			dependencies = (
				4DFB31CF2E324D3E000ECB6F /* PBXTargetDependency */,
			);
			fileSystemSynchronizedGroups = (
				4DFB31D02E324D3E000ECB6F /* MediscanSDKExampleTests */,
			);
			name = MediscanSDKExampleTests;
			packageProductDependencies = (
			);
			productName = MediscanSDKExampleTests;
			productReference = 4DFB31CD2E324D3E000ECB6F /* MediscanSDKExampleTests.xctest */;
			productType = "com.apple.product-type.bundle.unit-test";
		};
		4DFB31D62E324D3E000ECB6F /* MediscanSDKExampleUITests */ = {
			isa = PBXNativeTarget;
			buildConfigurationList = 4DFB31E82E324D3E000ECB6F /* Build configuration list for PBXNativeTarget "MediscanSDKExampleUITests" */;
			buildPhases = (
				4DFB31D32E324D3E000ECB6F /* Sources */,
				4DFB31D42E324D3E000ECB6F /* Frameworks */,
				4DFB31D52E324D3E000ECB6F /* Resources */,
			);
			buildRules = (
			);
			dependencies = (
				4DFB31D92E324D3E000ECB6F /* PBXTargetDependency */,
			);
			fileSystemSynchronizedGroups = (
				4DFB31DA2E324D3E000ECB6F /* MediscanSDKExampleUITests */,
			);
			name = MediscanSDKExampleUITests;
			packageProductDependencies = (
			);
			productName = MediscanSDKExampleUITests;
			productReference = 4DFB31D72E324D3E000ECB6F /* MediscanSDKExampleUITests.xctest */;
			productType = "com.apple.product-type.bundle.ui-testing";
		};
/* End PBXNativeTarget section */

/* Begin PBXProject section */
		4DFB31AF2E324D3C000ECB6F /* Project object */ = {
			isa = PBXProject;
			attributes = {
				BuildIndependentTargetsInParallel = 1;
				LastSwiftUpdateCheck = 1640;
				LastUpgradeCheck = 2620;
				TargetAttributes = {
					4DFB31B62E324D3C000ECB6F = {
						CreatedOnToolsVersion = 16.4;
					};
					4DFB31CC2E324D3E000ECB6F = {
						CreatedOnToolsVersion = 16.4;
						TestTargetID = 4DFB31B62E324D3C000ECB6F;
					};
					4DFB31D62E324D3E000ECB6F = {
						CreatedOnToolsVersion = 16.4;
						TestTargetID = 4DFB31B62E324D3C000ECB6F;
					};
				};
			};
			buildConfigurationList = 4DFB31B22E324D3C000ECB6F /* Build configuration list for PBXProject "MediscanSDKExample" */;
			developmentRegion = en;
			hasScannedForEncodings = 0;
			knownRegions = (
				en,
				Base,
			);
			mainGroup = 4DFB31AE2E324D3C000ECB6F;
			minimizedProjectReferenceProxies = 1;
			packageReferences = (
				BFB6D1B72EF1BDB800314791 /* XCLocalSwiftPackageReference "../../mediscan-ios-sdk" */,
			);
			preferredProjectObjectVersion = 77;
			productRefGroup = 4DFB31B82E324D3C000ECB6F /* Products */;
			projectDirPath = "";
			projectRoot = "";
			targets = (
				4DFB31B62E324D3C000ECB6F /* MediscanSDKExample */,
				4DFB31CC2E324D3E000ECB6F /* MediscanSDKExampleTests */,
				4DFB31D62E324D3E000ECB6F /* MediscanSDKExampleUITests */,
			);
		};
/* End PBXProject section */

/* Begin PBXResourcesBuildPhase section */
		4DFB31B52E324D3C000ECB6F /* Resources */ = {
			isa = PBXResourcesBuildPhase;
			buildActionMask = 2147483647;
			files = (
			);
			runOnlyForDeploymentPostprocessing = 0;
		};
		4DFB31CB2E324D3E000ECB6F /* Resources */ = {
			isa = PBXResourcesBuildPhase;
			buildActionMask = 2147483647;
			files = (
			);
			runOnlyForDeploymentPostprocessing = 0;
		};
		4DFB31D52E324D3E000ECB6F /* Resources */ = {
			isa = PBXResourcesBuildPhase;
			buildActionMask = 2147483647;
			files = (
			);
			runOnlyForDeploymentPostprocessing = 0;
		};
/* End PBXResourcesBuildPhase section */

/* Begin PBXSourcesBuildPhase section */
		4DFB31B32E324D3C000ECB6F /* Sources */ = {
			isa = PBXSourcesBuildPhase;
			buildActionMask = 2147483647;
			files = (
			);
			runOnlyForDeploymentPostprocessing = 0;
		};
		4DFB31C92E324D3E000ECB6F /* Sources */ = {
			isa = PBXSourcesBuildPhase;
			buildActionMask = 2147483647;
			files = (
			);
			runOnlyForDeploymentPostprocessing = 0;
		};
		4DFB31D32E324D3E000ECB6F /* Sources */ = {
			isa = PBXSourcesBuildPhase;
			buildActionMask = 2147483647;
			files = (
			);
			runOnlyForDeploymentPostprocessing = 0;
		};
/* End PBXSourcesBuildPhase section */

/* Begin PBXTargetDependency section */
		4DFB31CF2E324D3E000ECB6F /* PBXTargetDependency */ = {
			isa = PBXTargetDependency;
			target = 4DFB31B62E324D3C000ECB6F /* MediscanSDKExample */;
			targetProxy = 4DFB31CE2E324D3E000ECB6F /* PBXContainerItemProxy */;
		};
		4DFB31D92E324D3E000ECB6F /* PBXTargetDependency */ = {
			isa = PBXTargetDependency;
			target = 4DFB31B62E324D3C000ECB6F /* MediscanSDKExample */;
			targetProxy = 4DFB31D82E324D3E000ECB6F /* PBXContainerItemProxy */;
		};
/* End PBXTargetDependency section */

/* Begin XCBuildConfiguration section */
		4DFB31E12E324D3E000ECB6F /* Debug */ = {
			isa = XCBuildConfiguration;
			buildSettings = {
				ASSETCATALOG_COMPILER_APPICON_NAME = AppIcon;
				ASSETCATALOG_COMPILER_GLOBAL_ACCENT_COLOR_NAME = AccentColor;
				CODE_SIGN_ENTITLEMENTS = MediscanSDKExample/MediscanSDKExample.entitlements;
				CODE_SIGN_STYLE = Automatic;
				CURRENT_PROJECT_VERSION = 1;
				DEVELOPMENT_TEAM = 6UAZB38WNT;
				GENERATE_INFOPLIST_FILE = YES;
				INFOPLIST_FILE = MediscanSDKExample/Info.plist;
				INFOPLIST_KEY_LSApplicationCategoryType = "";
				INFOPLIST_KEY_UIApplicationSupportsIndirectInputEvents = YES;
				INFOPLIST_KEY_UILaunchStoryboardName = LaunchScreen;
				INFOPLIST_KEY_UIMainStoryboardFile = Main;
				INFOPLIST_KEY_UISupportedInterfaceOrientations_iPad = "UIInterfaceOrientationPortrait UIInterfaceOrientationPortraitUpsideDown UIInterfaceOrientationLandscapeLeft UIInterfaceOrientationLandscapeRight";
				INFOPLIST_KEY_UISupportedInterfaceOrientations_iPhone = "UIInterfaceOrientationPortrait UIInterfaceOrientationLandscapeLeft UIInterfaceOrientationLandscapeRight";
				LD_RUNPATH_SEARCH_PATHS = (
					"$(inherited)",
					"@executable_path/Frameworks",
				);
				MARKETING_VERSION = 1.0;
				PRODUCT_BUNDLE_IDENTIFIER = com.systemloco.MediscanSDKExample;
				PRODUCT_NAME = "$(TARGET_NAME)";
				SWIFT_EMIT_LOC_STRINGS = YES;
				SWIFT_VERSION = 5.0;
				TARGETED_DEVICE_FAMILY = "1,2";
			};
			name = Debug;
		};
		4DFB31E22E324D3E000ECB6F /* Release */ = {
			isa = XCBuildConfiguration;
			buildSettings = {
				ASSETCATALOG_COMPILER_APPICON_NAME = AppIcon;
				ASSETCATALOG_COMPILER_GLOBAL_ACCENT_COLOR_NAME = AccentColor;
				CODE_SIGN_ENTITLEMENTS = MediscanSDKExample/MediscanSDKExample.entitlements;
				CODE_SIGN_STYLE = Automatic;
				CURRENT_PROJECT_VERSION = 1;
				DEVELOPMENT_TEAM = 6UAZB38WNT;
				GENERATE_INFOPLIST_FILE = YES;
				INFOPLIST_FILE = MediscanSDKExample/Info.plist;
				INFOPLIST_KEY_LSApplicationCategoryType = "";
				INFOPLIST_KEY_UIApplicationSupportsIndirectInputEvents = YES;
				INFOPLIST_KEY_UILaunchStoryboardName = LaunchScreen;
				INFOPLIST_KEY_UIMainStoryboardFile = Main;
				INFOPLIST_KEY_UISupportedInterfaceOrientations_iPad = "UIInterfaceOrientationPortrait UIInterfaceOrientationPortraitUpsideDown UIInterfaceOrientationLandscapeLeft UIInterfaceOrientationLandscapeRight";
				INFOPLIST_KEY_UISupportedInterfaceOrientations_iPhone = "UIInterfaceOrientationPortrait UIInterfaceOrientationLandscapeLeft UIInterfaceOrientationLandscapeRight";
				LD_RUNPATH_SEARCH_PATHS = (
					"$(inherited)",
					"@executable_path/Frameworks",
				);
				MARKETING_VERSION = 1.0;
				PRODUCT_BUNDLE_IDENTIFIER = com.systemloco.MediscanSDKExample;
				PRODUCT_NAME = "$(TARGET_NAME)";
				SWIFT_EMIT_LOC_STRINGS = YES;
				SWIFT_VERSION = 5.0;
				TARGETED_DEVICE_FAMILY = "1,2";
			};
			name = Release;
		};
		4DFB31E32E324D3E000ECB6F /* Debug */ = {
			isa = XCBuildConfiguration;
			buildSettings = {
				ALWAYS_SEARCH_USER_PATHS = NO;
				ASSETCATALOG_COMPILER_GENERATE_SWIFT_ASSET_SYMBOL_EXTENSIONS = YES;
				CLANG_ANALYZER_NONNULL = YES;
				CLANG_ANALYZER_NUMBER_OBJECT_CONVERSION = YES_AGGRESSIVE;
				CLANG_CXX_LANGUAGE_STANDARD = "gnu++20";
				CLANG_ENABLE_MODULES = YES;
				CLANG_ENABLE_OBJC_ARC = YES;
				CLANG_ENABLE_OBJC_WEAK = YES;
				CLANG_WARN_BLOCK_CAPTURE_AUTORELEASING = YES;
				CLANG_WARN_BOOL_CONVERSION = YES;
				CLANG_WARN_COMMA = YES;
				CLANG_WARN_CONSTANT_CONVERSION = YES;
				CLANG_WARN_DEPRECATED_OBJC_IMPLEMENTATIONS = YES;
				CLANG_WARN_DIRECT_OBJC_ISA_USAGE = YES_ERROR;
				CLANG_WARN_DOCUMENTATION_COMMENTS = YES;
				CLANG_WARN_EMPTY_BODY = YES;
				CLANG_WARN_ENUM_CONVERSION = YES;
				CLANG_WARN_INFINITE_RECURSION = YES;
				CLANG_WARN_INT_CONVERSION = YES;
				CLANG_WARN_NON_LITERAL_NULL_CONVERSION = YES;
				CLANG_WARN_OBJC_IMPLICIT_RETAIN_SELF = YES;
				CLANG_WARN_OBJC_LITERAL_CONVERSION = YES;
				CLANG_WARN_OBJC_ROOT_CLASS = YES_ERROR;
				CLANG_WARN_QUOTED_INCLUDE_IN_FRAMEWORK_HEADER = YES;
				CLANG_WARN_RANGE_LOOP_ANALYSIS = YES;
				CLANG_WARN_STRICT_PROTOTYPES = YES;
				CLANG_WARN_SUSPICIOUS_MOVE = YES;
				CLANG_WARN_UNGUARDED_AVAILABILITY = YES_AGGRESSIVE;
				CLANG_WARN_UNREACHABLE_CODE = YES;
				CLANG_WARN__DUPLICATE_METHOD_MATCH = YES;
				COPY_PHASE_STRIP = NO;
				DEBUG_INFORMATION_FORMAT = dwarf;
				DEVELOPMENT_TEAM = 6UAZB38WNT;
				ENABLE_STRICT_OBJC_MSGSEND = YES;
				ENABLE_TESTABILITY = YES;
				ENABLE_USER_SCRIPT_SANDBOXING = YES;
				GCC_C_LANGUAGE_STANDARD = gnu17;
				GCC_DYNAMIC_NO_PIC = NO;
				GCC_NO_COMMON_BLOCKS = YES;
				GCC_OPTIMIZATION_LEVEL = 0;
				GCC_PREPROCESSOR_DEFINITIONS = (
					"DEBUG=1",
					"$(inherited)",
				);
				GCC_WARN_64_TO_32_BIT_CONVERSION = YES;
				GCC_WARN_ABOUT_RETURN_TYPE = YES_ERROR;
				GCC_WARN_UNDECLARED_SELECTOR = YES;
				GCC_WARN_UNINITIALIZED_AUTOS = YES_AGGRESSIVE;
				GCC_WARN_UNUSED_FUNCTION = YES;
				GCC_WARN_UNUSED_VARIABLE = YES;
				IPHONEOS_DEPLOYMENT_TARGET = 18.5;
				LOCALIZATION_PREFERS_STRING_CATALOGS = YES;
				MTL_ENABLE_DEBUG_INFO = INCLUDE_SOURCE;
				MTL_FAST_MATH = YES;
				ONLY_ACTIVE_ARCH = YES;
				SDKROOT = iphoneos;
				STRING_CATALOG_GENERATE_SYMBOLS = YES;
				SWIFT_ACTIVE_COMPILATION_CONDITIONS = "DEBUG $(inherited)";
				SWIFT_OPTIMIZATION_LEVEL = "-Onone";
			};
			name = Debug;
		};
		4DFB31E42E324D3E000ECB6F /* Release */ = {
			isa = XCBuildConfiguration;
			buildSettings = {
				ALWAYS_SEARCH_USER_PATHS = NO;
				ASSETCATALOG_COMPILER_GENERATE_SWIFT_ASSET_SYMBOL_EXTENSIONS = YES;
				CLANG_ANALYZER_NONNULL = YES;
				CLANG_ANALYZER_NUMBER_OBJECT_CONVERSION = YES_AGGRESSIVE;
				CLANG_CXX_LANGUAGE_STANDARD = "gnu++20";
				CLANG_ENABLE_MODULES = YES;
				CLANG_ENABLE_OBJC_ARC = YES;
				CLANG_ENABLE_OBJC_WEAK = YES;
				CLANG_WARN_BLOCK_CAPTURE_AUTORELEASING = YES;
				CLANG_WARN_BOOL_CONVERSION = YES;
				CLANG_WARN_COMMA = YES;
				CLANG_WARN_CONSTANT_CONVERSION = YES;
				CLANG_WARN_DEPRECATED_OBJC_IMPLEMENTATIONS = YES;
				CLANG_WARN_DIRECT_OBJC_ISA_USAGE = YES_ERROR;
				CLANG_WARN_DOCUMENTATION_COMMENTS = YES;
				CLANG_WARN_EMPTY_BODY = YES;
				CLANG_WARN_ENUM_CONVERSION = YES;
				CLANG_WARN_INFINITE_RECURSION = YES;
				CLANG_WARN_INT_CONVERSION = YES;
				CLANG_WARN_NON_LITERAL_NULL_CONVERSION = YES;
				CLANG_WARN_OBJC_IMPLICIT_RETAIN_SELF = YES;
				CLANG_WARN_OBJC_LITERAL_CONVERSION = YES;
				CLANG_WARN_OBJC_ROOT_CLASS = YES_ERROR;
				CLANG_WARN_QUOTED_INCLUDE_IN_FRAMEWORK_HEADER = YES;
				CLANG_WARN_RANGE_LOOP_ANALYSIS = YES;
				CLANG_WARN_STRICT_PROTOTYPES = YES;
				CLANG_WARN_SUSPICIOUS_MOVE = YES;
				CLANG_WARN_UNGUARDED_AVAILABILITY = YES_AGGRESSIVE;
				CLANG_WARN_UNREACHABLE_CODE = YES;
				CLANG_WARN__DUPLICATE_METHOD_MATCH = YES;
				COPY_PHASE_STRIP = NO;
				DEBUG_INFORMATION_FORMAT = "dwarf-with-dsym";
				DEVELOPMENT_TEAM = 6UAZB38WNT;
				ENABLE_NS_ASSERTIONS = NO;
				ENABLE_STRICT_OBJC_MSGSEND = YES;
				ENABLE_USER_SCRIPT_SANDBOXING = YES;
				GCC_C_LANGUAGE_STANDARD = gnu17;
				GCC_NO_COMMON_BLOCKS = YES;
				GCC_WARN_64_TO_32_BIT_CONVERSION = YES;
				GCC_WARN_ABOUT_RETURN_TYPE = YES_ERROR;
				GCC_WARN_UNDECLARED_SELECTOR = YES;
				GCC_WARN_UNINITIALIZED_AUTOS = YES_AGGRESSIVE;
				GCC_WARN_UNUSED_FUNCTION = YES;
				GCC_WARN_UNUSED_VARIABLE = YES;
				IPHONEOS_DEPLOYMENT_TARGET = 18.5;
				LOCALIZATION_PREFERS_STRING_CATALOGS = YES;
				MTL_ENABLE_DEBUG_INFO = NO;
				MTL_FAST_MATH = YES;
				SDKROOT = iphoneos;
				STRING_CATALOG_GENERATE_SYMBOLS = YES;
				SWIFT_COMPILATION_MODE = wholemodule;
				VALIDATE_PRODUCT = YES;
			};
			name = Release;
		};
		4DFB31E62E324D3E000ECB6F /* Debug */ = {
			isa = XCBuildConfiguration;
			buildSettings = {
				BUNDLE_LOADER = "$(TEST_HOST)";
				CODE_SIGN_STYLE = Automatic;
				CURRENT_PROJECT_VERSION = 1;
				DEVELOPMENT_TEAM = 6UAZB38WNT;
				GENERATE_INFOPLIST_FILE = YES;
				IPHONEOS_DEPLOYMENT_TARGET = 18.5;
				MARKETING_VERSION = 1.0;
				PRODUCT_BUNDLE_IDENTIFIER = com.systemloco.MediscanSDKExampleTests;
				PRODUCT_NAME = "$(TARGET_NAME)";
				SWIFT_EMIT_LOC_STRINGS = NO;
				SWIFT_VERSION = 5.0;
				TARGETED_DEVICE_FAMILY = "1,2";
				TEST_HOST = "$(BUILT_PRODUCTS_DIR)/MediscanSDKExample.app/$(BUNDLE_EXECUTABLE_FOLDER_PATH)/MediscanSDKExample";
			};
			name = Debug;
		};
		4DFB31E72E324D3E000ECB6F /* Release */ = {
			isa = XCBuildConfiguration;
			buildSettings = {
				BUNDLE_LOADER = "$(TEST_HOST)";
				CODE_SIGN_STYLE = Automatic;
				CURRENT_PROJECT_VERSION = 1;
				DEVELOPMENT_TEAM = 6UAZB38WNT;
				GENERATE_INFOPLIST_FILE = YES;
				IPHONEOS_DEPLOYMENT_TARGET = 18.5;
				MARKETING_VERSION = 1.0;
				PRODUCT_BUNDLE_IDENTIFIER = com.systemloco.MediscanSDKExampleTests;
				PRODUCT_NAME = "$(TARGET_NAME)";
				SWIFT_EMIT_LOC_STRINGS = NO;
				SWIFT_VERSION = 5.0;
				TARGETED_DEVICE_FAMILY = "1,2";
				TEST_HOST = "$(BUILT_PRODUCTS_DIR)/MediscanSDKExample.app/$(BUNDLE_EXECUTABLE_FOLDER_PATH)/MediscanSDKExample";
			};
			name = Release;
		};
		4DFB31E92E324D3E000ECB6F /* Debug */ = {
			isa = XCBuildConfiguration;
			buildSettings = {
				CODE_SIGN_STYLE = Automatic;
				CURRENT_PROJECT_VERSION = 1;
				DEVELOPMENT_TEAM = 6UAZB38WNT;
				GENERATE_INFOPLIST_FILE = YES;
				MARKETING_VERSION = 1.0;
				PRODUCT_BUNDLE_IDENTIFIER = com.systemloco.MediscanSDKExampleUITests;
				PRODUCT_NAME = "$(TARGET_NAME)";
				SWIFT_EMIT_LOC_STRINGS = NO;
				SWIFT_VERSION = 5.0;
				TARGETED_DEVICE_FAMILY = "1,2";
				TEST_TARGET_NAME = MediscanSDKExample;
			};
			name = Debug;
		};
		4DFB31EA2E324D3E000ECB6F /* Release */ = {
			isa = XCBuildConfiguration;
			buildSettings = {
				CODE_SIGN_STYLE = Automatic;
				CURRENT_PROJECT_VERSION = 1;
				DEVELOPMENT_TEAM = 6UAZB38WNT;
				GENERATE_INFOPLIST_FILE = YES;
				MARKETING_VERSION = 1.0;
				PRODUCT_BUNDLE_IDENTIFIER = com.systemloco.MediscanSDKExampleUITests;
				PRODUCT_NAME = "$(TARGET_NAME)";
				SWIFT_EMIT_LOC_STRINGS = NO;
				SWIFT_VERSION = 5.0;
				TARGETED_DEVICE_FAMILY = "1,2";
				TEST_TARGET_NAME = MediscanSDKExample;
			};
			name = Release;
		};
/* End XCBuildConfiguration section */

/* Begin XCConfigurationList section */
		4DFB31B22E324D3C000ECB6F /* Build configuration list for PBXProject "MediscanSDKExample" */ = {
			isa = XCConfigurationList;
			buildConfigurations = (
				4DFB31E32E324D3E000ECB6F /* Debug */,
				4DFB31E42E324D3E000ECB6F /* Release */,
			);
			defaultConfigurationIsVisible = 0;
			defaultConfigurationName = Release;
		};
		4DFB31E02E324D3E000ECB6F /* Build configuration list for PBXNativeTarget "MediscanSDKExample" */ = {
			isa = XCConfigurationList;
			buildConfigurations = (
				4DFB31E12E324D3E000ECB6F /* Debug */,
				4DFB31E22E324D3E000ECB6F /* Release */,
			);
			defaultConfigurationIsVisible = 0;
			defaultConfigurationName = Release;
		};
		4DFB31E52E324D3E000ECB6F /* Build configuration list for PBXNativeTarget "MediscanSDKExampleTests" */ = {
			isa = XCConfigurationList;
			buildConfigurations = (
				4DFB31E62E324D3E000ECB6F /* Debug */,
				4DFB31E72E324D3E000ECB6F /* Release */,
			);
			defaultConfigurationIsVisible = 0;
			defaultConfigurationName = Release;
		};
		4DFB31E82E324D3E000ECB6F /* Build configuration list for PBXNativeTarget "MediscanSDKExampleUITests" */ = {
			isa = XCConfigurationList;
			buildConfigurations = (
				4DFB31E92E324D3E000ECB6F /* Debug */,
				4DFB31EA2E324D3E000ECB6F /* Release */,
			);
			defaultConfigurationIsVisible = 0;
			defaultConfigurationName = Release;
		};
/* End XCConfigurationList section */

/* Begin XCLocalSwiftPackageReference section */
		BFB6D1B72EF1BDB800314791 /* XCLocalSwiftPackageReference "../../mediscan-ios-sdk" */ = {
			isa = XCLocalSwiftPackageReference;
			relativePath = "../../mediscan-ios-sdk";
		};
/* End XCLocalSwiftPackageReference section */

/* Begin XCSwiftPackageProductDependency section */
		BFB6D1B82EF1BDB800314791 /* MediscanSDK */ = {
			isa = XCSwiftPackageProductDependency;
			productName = MediscanSDK;
		};
/* End XCSwiftPackageProductDependency section */
	};
	rootObject = 4DFB31AF2E324D3C000ECB6F /* Project object */;
}
